// !$*UTF8*$!
{
	archiveVersion = 1;
	classes = {
	};
	objectVersion = 56;
	objects = {

/* Begin PBXBuildFile section */
		53CB1DE52C95CE0C00272FAE /* SwiftUI_DemoApp.swift in Sources */ = {isa = PBXBuildFile; fileRef = 53CB1DE42C95CE0C00272FAE /* SwiftUI_DemoApp.swift */; };
		53CB1DE72C95CE0C00272FAE /* ContentView.swift in Sources */ = {isa = PBXBuildFile; fileRef = 53CB1DE62C95CE0C00272FAE /* ContentView.swift */; };
		53CB1DE92C95CE0E00272FAE /* Assets.xcassets in Resources */ = {isa = PBXBuildFile; fileRef = 53CB1DE82C95CE0E00272FAE /* Assets.xcassets */; };
		53CB1DED2C95CE0E00272FAE /* Preview Assets.xcassets in Resources */ = {isa = PBXBuildFile; fileRef = 53CB1DEC2C95CE0E00272FAE /* Preview Assets.xcassets */; };
		53CB1DF72C95CE0E00272FAE /* SwiftUI_DemoTests.swift in Sources */ = {isa = PBXBuildFile; fileRef = 53CB1DF62C95CE0E00272FAE /* SwiftUI_DemoTests.swift */; };
		53CB1E012C95CE0E00272FAE /* SwiftUI_DemoUITests.swift in Sources */ = {isa = PBXBuildFile; fileRef = 53CB1E002C95CE0E00272FAE /* SwiftUI_DemoUITests.swift */; };
		53CB1E032C95CE0E00272FAE /* SwiftUI_DemoUITestsLaunchTests.swift in Sources */ = {isa = PBXBuildFile; fileRef = 53CB1E022C95CE0E00272FAE /* SwiftUI_DemoUITestsLaunchTests.swift */; };
/* End PBXBuildFile section */

/* Begin PBXContainerItemProxy section */
		53CB1DF32C95CE0E00272FAE /* PBXContainerItemProxy */ = {
			isa = PBXContainerItemProxy;
			containerPortal = 53CB1DD92C95CE0C00272FAE /* Project object */;
			proxyType = 1;
			remoteGlobalIDString = 53CB1DE02C95CE0C00272FAE;
			remoteInfo = SwiftUI_Demo;
		};
		53CB1DFD2C95CE0E00272FAE /* PBXContainerItemProxy */ = {
			isa = PBXContainerItemProxy;
			containerPortal = 53CB1DD92C95CE0C00272FAE /* Project object */;
			proxyType = 1;
			remoteGlobalIDString = 53CB1DE02C95CE0C00272FAE;
			remoteInfo = SwiftUI_Demo;
		};
/* End PBXContainerItemProxy section */

/* Begin PBXFileReference section */
		53CB1DE12C95CE0C00272FAE /* SwiftUI_Demo.app */ = {isa = PBXFileReference; explicitFileType = wrapper.application; includeInIndex = 0; path = SwiftUI_Demo.app; sourceTree = BUILT_PRODUCTS_DIR; };
		53CB1DE42C95CE0C00272FAE /* SwiftUI_DemoApp.swift */ = {isa = PBXFileReference; lastKnownFileType = sourcecode.swift; path = SwiftUI_DemoApp.swift; sourceTree = "<group>"; };
		53CB1DE62C95CE0C00272FAE /* ContentView.swift */ = {isa = PBXFileReference; lastKnownFileType = sourcecode.swift; path = ContentView.swift; sourceTree = "<group>"; };
		53CB1DE82C95CE0E00272FAE /* Assets.xcassets */ = {isa = PBXFileReference; lastKnownFileType = folder.assetcatalog; path = Assets.xcassets; sourceTree = "<group>"; };
		53CB1DEA2C95CE0E00272FAE /* SwiftUI_Demo.entitlements */ = {isa = PBXFileReference; lastKnownFileType = text.plist.entitlements; path = SwiftUI_Demo.entitlements; sourceTree = "<group>"; };
		53CB1DEC2C95CE0E00272FAE /* Preview Assets.xcassets */ = {isa = PBXFileReference; lastKnownFileType = folder.assetcatalog; path = "Preview Assets.xcassets"; sourceTree = "<group>"; };
		53CB1DF22C95CE0E00272FAE /* SwiftUI_DemoTests.xctest */ = {isa = PBXFileReference; explicitFileType = wrapper.cfbundle; includeInIndex = 0; path = SwiftUI_DemoTests.xctest; sourceTree = BUILT_PRODUCTS_DIR; };
		53CB1DF62C95CE0E00272FAE /* SwiftUI_DemoTests.swift */ = {isa = PBXFileReference; lastKnownFileType = sourcecode.swift; path = SwiftUI_DemoTests.swift; sourceTree = "<group>"; };
		53CB1DFC2C95CE0E00272FAE /* SwiftUI_DemoUITests.xctest */ = {isa = PBXFileReference; explicitFileType = wrapper.cfbundle; includeInIndex = 0; path = SwiftUI_DemoUITests.xctest; sourceTree = BUILT_PRODUCTS_DIR; };
		53CB1E002C95CE0E00272FAE /* SwiftUI_DemoUITests.swift */ = {isa = PBXFileReference; lastKnownFileType = sourcecode.swift; path = SwiftUI_DemoUITests.swift; sourceTree = "<group>"; };
		53CB1E022C95CE0E00272FAE /* SwiftUI_DemoUITestsLaunchTests.swift */ = {isa = PBXFileReference; lastKnownFileType = sourcecode.swift; path = SwiftUI_DemoUITestsLaunchTests.swift; sourceTree = "<group>"; };
/* End PBXFileReference section */

/* Begin PBXFrameworksBuildPhase section */
		53CB1DDE2C95CE0C00272FAE /* Frameworks */ = {
			isa = PBXFrameworksBuildPhase;
			buildActionMask = 2147483647;
			files = (
			);
			runOnlyForDeploymentPostprocessing = 0;
		};
		53CB1DEF2C95CE0E00272FAE /* Frameworks */ = {
			isa = PBXFrameworksBuildPhase;
			buildActionMask = 2147483647;
			files = (
			);
			runOnlyForDeploymentPostprocessing = 0;
		};
		53CB1DF92C95CE0E00272FAE /* Frameworks */ = {
			isa = PBXFrameworksBuildPhase;
			buildActionMask = 2147483647;
			files = (
			);
			runOnlyForDeploymentPostprocessing = 0;
		};
/* End PBXFrameworksBuildPhase section */

/* Begin PBXGroup section */
		53CB1DD82C95CE0C00272FAE = {
			isa = PBXGroup;
			children = (
				53CB1DE32C95CE0C00272FAE /* SwiftUI_Demo */,
				53CB1DF52C95CE0E00272FAE /* SwiftUI_DemoTests */,
				53CB1DFF2C95CE0E00272FAE /* SwiftUI_DemoUITests */,
				53CB1DE22C95CE0C00272FAE /* Products */,
			);
			sourceTree = "<group>";
		};
		53CB1DE22C95CE0C00272FAE /* Products */ = {
			isa = PBXGroup;
			children = (
				53CB1DE12C95CE0C00272FAE /* SwiftUI_Demo.app */,
				53CB1DF22C95CE0E00272FAE /* SwiftUI_DemoTests.xctest */,
				53CB1DFC2C95CE0E00272FAE /* SwiftUI_DemoUITests.xctest */,
			);
			name = Products;
			sourceTree = "<group>";
		};
		53CB1DE32C95CE0C00272FAE /* SwiftUI_Demo */ = {
			isa = PBXGroup;
			children = (
				53CB1DE42C95CE0C00272FAE /* SwiftUI_DemoApp.swift */,
				53CB1DE62C95CE0C00272FAE /* ContentView.swift */,
				53CB1DE82C95CE0E00272FAE /* Assets.xcassets */,
				53CB1DEA2C95CE0E00272FAE /* SwiftUI_Demo.entitlements */,
				53CB1DEB2C95CE0E00272FAE /* Preview Content */,
			);
			path = SwiftUI_Demo;
			sourceTree = "<group>";
		};
		53CB1DEB2C95CE0E00272FAE /* Preview Content */ = {
			isa = PBXGroup;
			children = (
				53CB1DEC2C95CE0E00272FAE /* Preview Assets.xcassets */,
			);
			path = "Preview Content";
			sourceTree = "<group>";
		};
		53CB1DF52C95CE0E00272FAE /* SwiftUI_DemoTests */ = {
			isa = PBXGroup;
			children = (
				53CB1DF62C95CE0E00272FAE /* SwiftUI_DemoTests.swift */,
			);
			path = SwiftUI_DemoTests;
			sourceTree = "<group>";
		};
		53CB1DFF2C95CE0E00272FAE /* SwiftUI_DemoUITests */ = {
			isa = PBXGroup;
			children = (
				53CB1E002C95CE0E00272FAE /* SwiftUI_DemoUITests.swift */,
				53CB1E022C95CE0E00272FAE /* SwiftUI_DemoUITestsLaunchTests.swift */,
			);
			path = SwiftUI_DemoUITests;
			sourceTree = "<group>";
		};
/* End PBXGroup section */

/* Begin PBXNativeTarget section */
		53CB1DE02C95CE0C00272FAE /* SwiftUI_Demo */ = {
			isa = PBXNativeTarget;
			buildConfigurationList = 53CB1E062C95CE0E00272FAE /* Build configuration list for PBXNativeTarget "SwiftUI_Demo" */;
			buildPhases = (
				53CB1DDD2C95CE0C00272FAE /* Sources */,
				53CB1DDE2C95CE0C00272FAE /* Frameworks */,
				53CB1DDF2C95CE0C00272FAE /* Resources */,
			);
			buildRules = (
			);
			dependencies = (
			);
			name = SwiftUI_Demo;
			productName = SwiftUI_Demo;
			productReference = 53CB1DE12C95CE0C00272FAE /* SwiftUI_Demo.app */;
			productType = "com.apple.product-type.application";
		};
		53CB1DF12C95CE0E00272FAE /* SwiftUI_DemoTests */ = {
			isa = PBXNativeTarget;
			buildConfigurationList = 53CB1E092C95CE0E00272FAE /* Build configuration list for PBXNativeTarget "SwiftUI_DemoTests" */;
			buildPhases = (
				53CB1DEE2C95CE0E00272FAE /* Sources */,
				53CB1DEF2C95CE0E00272FAE /* Frameworks */,
				53CB1DF02C95CE0E00272FAE /* Resources */,
			);
			buildRules = (
			);
			dependencies = (
				53CB1DF42C95CE0E00272FAE /* PBXTargetDependency */,
			);
			name = SwiftUI_DemoTests;
			productName = SwiftUI_DemoTests;
			productReference = 53CB1DF22C95CE0E00272FAE /* SwiftUI_DemoTests.xctest */;
			productType = "com.apple.product-type.bundle.unit-test";
		};
		53CB1DFB2C95CE0E00272FAE /* SwiftUI_DemoUITests */ = {
			isa = PBXNativeTarget;
			buildConfigurationList = 53CB1E0C2C95CE0E00272FAE /* Build configuration list for PBXNativeTarget "SwiftUI_DemoUITests" */;
			buildPhases = (
				53CB1DF82C95CE0E00272FAE /* Sources */,
				53CB1DF92C95CE0E00272FAE /* Frameworks */,
				53CB1DFA2C95CE0E00272FAE /* Resources */,
			);
			buildRules = (
			);
			dependencies = (
				53CB1DFE2C95CE0E00272FAE /* PBXTargetDependency */,
			);
			name = SwiftUI_DemoUITests;
			productName = SwiftUI_DemoUITests;
			productReference = 53CB1DFC2C95CE0E00272FAE /* SwiftUI_DemoUITests.xctest */;
			productType = "com.apple.product-type.bundle.ui-testing";
		};
/* End PBXNativeTarget section */

/* Begin PBXProject section */
		53CB1DD92C95CE0C00272FAE /* Project object */ = {
			isa = PBXProject;
			attributes = {
				BuildIndependentTargetsInParallel = 1;
				LastSwiftUpdateCheck = 1430;
				LastUpgradeCheck = 1430;
				TargetAttributes = {
					53CB1DE02C95CE0C00272FAE = {
						CreatedOnToolsVersion = 14.3.1;
					};
					53CB1DF12C95CE0E00272FAE = {
						CreatedOnToolsVersion = 14.3.1;
						TestTargetID = 53CB1DE02C95CE0C00272FAE;
					};
					53CB1DFB2C95CE0E00272FAE = {
						CreatedOnToolsVersion = 14.3.1;
						TestTargetID = 53CB1DE02C95CE0C00272FAE;
					};
				};
			};
			buildConfigurationList = 53CB1DDC2C95CE0C00272FAE /* Build configuration list for PBXProject "SwiftUI_Demo" */;
			compatibilityVersion = "Xcode 14.0";
			developmentRegion = en;
			hasScannedForEncodings = 0;
			knownRegions = (
				en,
				Base,
			);
			mainGroup = 53CB1DD82C95CE0C00272FAE;
			productRefGroup = 53CB1DE22C95CE0C00272FAE /* Products */;
			projectDirPath = "";
			projectRoot = "";
			targets = (
				53CB1DE02C95CE0C00272FAE /* SwiftUI_Demo */,
				53CB1DF12C95CE0E00272FAE /* SwiftUI_DemoTests */,
				53CB1DFB2C95CE0E00272FAE /* SwiftUI_DemoUITests */,
			);
		};
/* End PBXProject section */

/* Begin PBXResourcesBuildPhase section */
		53CB1DDF2C95CE0C00272FAE /* Resources */ = {
			isa = PBXResourcesBuildPhase;
			buildActionMask = 2147483647;
			files = (
				53CB1DED2C95CE0E00272FAE /* Preview Assets.xcassets in Resources */,
				53CB1DE92C95CE0E00272FAE /* Assets.xcassets in Resources */,
			);
			runOnlyForDeploymentPostprocessing = 0;
		};
		53CB1DF02C95CE0E00272FAE /* Resources */ = {
			isa = PBXResourcesBuildPhase;
			buildActionMask = 2147483647;
			files = (
			);
			runOnlyForDeploymentPostprocessing = 0;
		};
		53CB1DFA2C95CE0E00272FAE /* Resources */ = {
			isa = PBXResourcesBuildPhase;
			buildActionMask = 2147483647;
			files = (
			);
			runOnlyForDeploymentPostprocessing = 0;
		};
/* End PBXResourcesBuildPhase section */

/* Begin PBXSourcesBuildPhase section */
		53CB1DDD2C95CE0C00272FAE /* Sources */ = {
			isa = PBXSourcesBuildPhase;
			buildActionMask = 2147483647;
			files = (
				53CB1DE72C95CE0C00272FAE /* ContentView.swift in Sources */,
				53CB1DE52C95CE0C00272FAE /* SwiftUI_DemoApp.swift in Sources */,
			);
			runOnlyForDeploymentPostprocessing = 0;
		};
		53CB1DEE2C95CE0E00272FAE /* Sources */ = {
			isa = PBXSourcesBuildPhase;
			buildActionMask = 2147483647;
			files = (
				53CB1DF72C95CE0E00272FAE /* SwiftUI_DemoTests.swift in Sources */,
			);
			runOnlyForDeploymentPostprocessing = 0;
		};
		53CB1DF82C95CE0E00272FAE /* Sources */ = {
			isa = PBXSourcesBuildPhase;
			buildActionMask = 2147483647;
			files = (
				53CB1E012C95CE0E00272FAE /* SwiftUI_DemoUITests.swift in Sources */,
				53CB1E032C95CE0E00272FAE /* SwiftUI_DemoUITestsLaunchTests.swift in Sources */,
			);
			runOnlyForDeploymentPostprocessing = 0;
		};
/* End PBXSourcesBuildPhase section */

/* Begin PBXTargetDependency section */
		53CB1DF42C95CE0E00272FAE /* PBXTargetDependency */ = {
			isa = PBXTargetDependency;
			target = 53CB1DE02C95CE0C00272FAE /* SwiftUI_Demo */;
			targetProxy = 53CB1DF32C95CE0E00272FAE /* PBXContainerItemProxy */;
		};
		53CB1DFE2C95CE0E00272FAE /* PBXTargetDependency */ = {
			isa = PBXTargetDependency;
			target = 53CB1DE02C95CE0C00272FAE /* SwiftUI_Demo */;
			targetProxy = 53CB1DFD2C95CE0E00272FAE /* PBXContainerItemProxy */;
		};
/* End PBXTargetDependency section */

/* Begin XCBuildConfiguration section */
		53CB1E042C95CE0E00272FAE /* Debug */ = {
			isa = XCBuildConfiguration;
			buildSettings = {
				ALWAYS_SEARCH_USER_PATHS = NO;
				CLANG_ANALYZER_NONNULL = YES;
				CLANG_ANALYZER_NUMBER_OBJECT_CONVERSION = YES_AGGRESSIVE;
				CLANG_CXX_LANGUAGE_STANDARD = "gnu++20";
				CLANG_ENABLE_MODULES = YES;
				CLANG_ENABLE_OBJC_ARC = YES;
				CLANG_ENABLE_OBJC_WEAK = YES;
				CLANG_WARN_BLOCK_CAPTURE_AUTORELEASING = YES;
				CLANG_WARN_BOOL_CONVERSION = YES;
				CLANG_WARN_COMMA = YES;
				CLANG_WARN_CONSTANT_CONVERSION = YES;
				CLANG_WARN_DEPRECATED_OBJC_IMPLEMENTATIONS = YES;
				CLANG_WARN_DIRECT_OBJC_ISA_USAGE = YES_ERROR;
				CLANG_WARN_DOCUMENTATION_COMMENTS = YES;
				CLANG_WARN_EMPTY_BODY = YES;
				CLANG_WARN_ENUM_CONVERSION = YES;
				CLANG_WARN_INFINITE_RECURSION = YES;
				CLANG_WARN_INT_CONVERSION = YES;
				CLANG_WARN_NON_LITERAL_NULL_CONVERSION = YES;
				CLANG_WARN_OBJC_IMPLICIT_RETAIN_SELF = YES;
				CLANG_WARN_OBJC_LITERAL_CONVERSION = YES;
				CLANG_WARN_OBJC_ROOT_CLASS = YES_ERROR;
				CLANG_WARN_QUOTED_INCLUDE_IN_FRAMEWORK_HEADER = YES;
				CLANG_WARN_RANGE_LOOP_ANALYSIS = YES;
				CLANG_WARN_STRICT_PROTOTYPES = YES;
				CLANG_WARN_SUSPICIOUS_MOVE = YES;
				CLANG_WARN_UNGUARDED_AVAILABILITY = YES_AGGRESSIVE;
				CLANG_WARN_UNREACHABLE_CODE = YES;
				CLANG_WARN__DUPLICATE_METHOD_MATCH = YES;
				COPY_PHASE_STRIP = NO;
				DEBUG_INFORMATION_FORMAT = dwarf;
				ENABLE_STRICT_OBJC_MSGSEND = YES;
				ENABLE_TESTABILITY = YES;
				GCC_C_LANGUAGE_STANDARD = gnu11;
				GCC_DYNAMIC_NO_PIC = NO;
				GCC_NO_COMMON_BLOCKS = YES;
				GCC_OPTIMIZATION_LEVEL = 0;
				GCC_PREPROCESSOR_DEFINITIONS = (
					"DEBUG=1",
					"$(inherited)",
				);
				GCC_WARN_64_TO_32_BIT_CONVERSION = YES;
				GCC_WARN_ABOUT_RETURN_TYPE = YES_ERROR;
				GCC_WARN_UNDECLARED_SELECTOR = YES;
				GCC_WARN_UNINITIALIZED_AUTOS = YES_AGGRESSIVE;
				GCC_WARN_UNUSED_FUNCTION = YES;
				GCC_WARN_UNUSED_VARIABLE = YES;
				MTL_ENABLE_DEBUG_INFO = INCLUDE_SOURCE;
				MTL_FAST_MATH = YES;
				ONLY_ACTIVE_ARCH = YES;
				SWIFT_ACTIVE_COMPILATION_CONDITIONS = DEBUG;
				SWIFT_OPTIMIZATION_LEVEL = "-Onone";
			};
			name = Debug;
		};
		53CB1E052C95CE0E00272FAE /* Release */ = {
			isa = XCBuildConfiguration;
			buildSettings = {
				ALWAYS_SEARCH_USER_PATHS = NO;
				CLANG_ANALYZER_NONNULL = YES;
				CLANG_ANALYZER_NUMBER_OBJECT_CONVERSION = YES_AGGRESSIVE;
				CLANG_CXX_LANGUAGE_STANDARD = "gnu++20";
				CLANG_ENABLE_MODULES = YES;
				CLANG_ENABLE_OBJC_ARC = YES;
				CLANG_ENABLE_OBJC_WEAK = YES;
				CLANG_WARN_BLOCK_CAPTURE_AUTORELEASING = YES;
				CLANG_WARN_BOOL_CONVERSION = YES;
				CLANG_WARN_COMMA = YES;
				CLANG_WARN_CONSTANT_CONVERSION = YES;
				CLANG_WARN_DEPRECATED_OBJC_IMPLEMENTATIONS = YES;
				CLANG_WARN_DIRECT_OBJC_ISA_USAGE = YES_ERROR;
				CLANG_WARN_DOCUMENTATION_COMMENTS = YES;
				CLANG_WARN_EMPTY_BODY = YES;
				CLANG_WARN_ENUM_CONVERSION = YES;
				CLANG_WARN_INFINITE_RECURSION = YES;
				CLANG_WARN_INT_CONVERSION = YES;
				CLANG_WARN_NON_LITERAL_NULL_CONVERSION = YES;
				CLANG_WARN_OBJC_IMPLICIT_RETAIN_SELF = YES;
				CLANG_WARN_OBJC_LITERAL_CONVERSION = YES;
				CLANG_WARN_OBJC_ROOT_CLASS = YES_ERROR;
				CLANG_WARN_QUOTED_INCLUDE_IN_FRAMEWORK_HEADER = YES;
				CLANG_WARN_RANGE_LOOP_ANALYSIS = YES;
				CLANG_WARN_STRICT_PROTOTYPES = YES;
				CLANG_WARN_SUSPICIOUS_MOVE = YES;
				CLANG_WARN_UNGUARDED_AVAILABILITY = YES_AGGRESSIVE;
				CLANG_WARN_UNREACHABLE_CODE = YES;
				CLANG_WARN__DUPLICATE_METHOD_MATCH = YES;
				COPY_PHASE_STRIP = NO;
				DEBUG_INFORMATION_FORMAT = "dwarf-with-dsym";
				ENABLE_NS_ASSERTIONS = NO;
				ENABLE_STRICT_OBJC_MSGSEND = YES;
				GCC_C_LANGUAGE_STANDARD = gnu11;
				GCC_NO_COMMON_BLOCKS = YES;
				GCC_WARN_64_TO_32_BIT_CONVERSION = YES;
				GCC_WARN_ABOUT_RETURN_TYPE = YES_ERROR;
				GCC_WARN_UNDECLARED_SELECTOR = YES;
				GCC_WARN_UNINITIALIZED_AUTOS = YES_AGGRESSIVE;
				GCC_WARN_UNUSED_FUNCTION = YES;
				GCC_WARN_UNUSED_VARIABLE = YES;
				MTL_ENABLE_DEBUG_INFO = NO;
				MTL_FAST_MATH = YES;
				SWIFT_COMPILATION_MODE = wholemodule;
				SWIFT_OPTIMIZATION_LEVEL = "-O";
			};
			name = Release;
		};
		53CB1E072C95CE0E00272FAE /* Debug */ = {
			isa = XCBuildConfiguration;
			buildSettings = {
				ASSETCATALOG_COMPILER_APPICON_NAME = AppIcon;
				ASSETCATALOG_COMPILER_GLOBAL_ACCENT_COLOR_NAME = AccentColor;
				CODE_SIGN_ENTITLEMENTS = SwiftUI_Demo/SwiftUI_Demo.entitlements;
				CODE_SIGN_STYLE = Automatic;
				CURRENT_PROJECT_VERSION = 1;
				DEVELOPMENT_ASSET_PATHS = "\"SwiftUI_Demo/Preview Content\"";
				ENABLE_PREVIEWS = YES;
				GENERATE_INFOPLIST_FILE = YES;
				"INFOPLIST_KEY_UIApplicationSceneManifest_Generation[sdk=iphoneos*]" = YES;
				"INFOPLIST_KEY_UIApplicationSceneManifest_Generation[sdk=iphonesimulator*]" = YES;
				"INFOPLIST_KEY_UIApplicationSupportsIndirectInputEvents[sdk=iphoneos*]" = YES;
				"INFOPLIST_KEY_UIApplicationSupportsIndirectInputEvents[sdk=iphonesimulator*]" = YES;
				"INFOPLIST_KEY_UILaunchScreen_Generation[sdk=iphoneos*]" = YES;
				"INFOPLIST_KEY_UILaunchScreen_Generation[sdk=iphonesimulator*]" = YES;
				"INFOPLIST_KEY_UIStatusBarStyle[sdk=iphoneos*]" = UIStatusBarStyleDefault;
				"INFOPLIST_KEY_UIStatusBarStyle[sdk=iphonesimulator*]" = UIStatusBarStyleDefault;
				INFOPLIST_KEY_UISupportedInterfaceOrientations_iPad = "UIInterfaceOrientationPortrait UIInterfaceOrientationPortraitUpsideDown UIInterfaceOrientationLandscapeLeft UIInterfaceOrientationLandscapeRight";
				INFOPLIST_KEY_UISupportedInterfaceOrientations_iPhone = "UIInterfaceOrientationPortrait UIInterfaceOrientationLandscapeLeft UIInterfaceOrientationLandscapeRight";
				IPHONEOS_DEPLOYMENT_TARGET = 16.4;
				LD_RUNPATH_SEARCH_PATHS = "@executable_path/Frameworks";
				"LD_RUNPATH_SEARCH_PATHS[sdk=macosx*]" = "@executable_path/../Frameworks";
				MACOSX_DEPLOYMENT_TARGET = 13.3;
				MARKETING_VERSION = 1.0;
				PRODUCT_BUNDLE_IDENTIFIER = "com.armv.SwiftUI-Demo";
				PRODUCT_NAME = "$(TARGET_NAME)";
				SDKROOT = auto;
				SUPPORTED_PLATFORMS = "iphoneos iphonesimulator macosx";
				SWIFT_EMIT_LOC_STRINGS = YES;
				SWIFT_VERSION = 5.0;
				TARGETED_DEVICE_FAMILY = "1,2";
			};
			name = Debug;
		};
		53CB1E082C95CE0E00272FAE /* Release */ = {
			isa = XCBuildConfiguration;
			buildSettings = {
				ASSETCATALOG_COMPILER_APPICON_NAME = AppIcon;
				ASSETCATALOG_COMPILER_GLOBAL_ACCENT_COLOR_NAME = AccentColor;
				CODE_SIGN_ENTITLEMENTS = SwiftUI_Demo/SwiftUI_Demo.entitlements;
				CODE_SIGN_STYLE = Automatic;
				CURRENT_PROJECT_VERSION = 1;
				DEVELOPMENT_ASSET_PATHS = "\"SwiftUI_Demo/Preview Content\"";
				ENABLE_PREVIEWS = YES;
				GENERATE_INFOPLIST_FILE = YES;
				"INFOPLIST_KEY_UIApplicationSceneManifest_Generation[sdk=iphoneos*]" = YES;
				"INFOPLIST_KEY_UIApplicationSceneManifest_Generation[sdk=iphonesimulator*]" = YES;
				"INFOPLIST_KEY_UIApplicationSupportsIndirectInputEvents[sdk=iphoneos*]" = YES;
				"INFOPLIST_KEY_UIApplicationSupportsIndirectInputEvents[sdk=iphonesimulator*]" = YES;
				"INFOPLIST_KEY_UILaunchScreen_Generation[sdk=iphoneos*]" = YES;
				"INFOPLIST_KEY_UILaunchScreen_Generation[sdk=iphonesimulator*]" = YES;
				"INFOPLIST_KEY_UIStatusBarStyle[sdk=iphoneos*]" = UIStatusBarStyleDefault;
				"INFOPLIST_KEY_UIStatusBarStyle[sdk=iphonesimulator*]" = UIStatusBarStyleDefault;
				INFOPLIST_KEY_UISupportedInterfaceOrientations_iPad = "UIInterfaceOrientationPortrait UIInterfaceOrientationPortraitUpsideDown UIInterfaceOrientationLandscapeLeft UIInterfaceOrientationLandscapeRight";
				INFOPLIST_KEY_UISupportedInterfaceOrientations_iPhone = "UIInterfaceOrientationPortrait UIInterfaceOrientationLandscapeLeft UIInterfaceOrientationLandscapeRight";
				IPHONEOS_DEPLOYMENT_TARGET = 16.4;
				LD_RUNPATH_SEARCH_PATHS = "@executable_path/Frameworks";
				"LD_RUNPATH_SEARCH_PATHS[sdk=macosx*]" = "@executable_path/../Frameworks";
				MACOSX_DEPLOYMENT_TARGET = 13.3;
				MARKETING_VERSION = 1.0;
				PRODUCT_BUNDLE_IDENTIFIER = "com.armv.SwiftUI-Demo";
				PRODUCT_NAME = "$(TARGET_NAME)";
				SDKROOT = auto;
				SUPPORTED_PLATFORMS = "iphoneos iphonesimulator macosx";
				SWIFT_EMIT_LOC_STRINGS = YES;
				SWIFT_VERSION = 5.0;
				TARGETED_DEVICE_FAMILY = "1,2";
			};
			name = Release;
		};
		53CB1E0A2C95CE0E00272FAE /* Debug */ = {
			isa = XCBuildConfiguration;
			buildSettings = {
				ALWAYS_EMBED_SWIFT_STANDARD_LIBRARIES = YES;
				BUNDLE_LOADER = "$(TEST_HOST)";
				CODE_SIGN_STYLE = Automatic;
				CURRENT_PROJECT_VERSION = 1;
				GENERATE_INFOPLIST_FILE = YES;
				IPHONEOS_DEPLOYMENT_TARGET = 16.4;
				MACOSX_DEPLOYMENT_TARGET = 13.3;
				MARKETING_VERSION = 1.0;
				PRODUCT_BUNDLE_IDENTIFIER = "com.armv.SwiftUI-DemoTests";
				PRODUCT_NAME = "$(TARGET_NAME)";
				SDKROOT = auto;
				SUPPORTED_PLATFORMS = "iphoneos iphonesimulator macosx";
				SWIFT_EMIT_LOC_STRINGS = NO;
				SWIFT_VERSION = 5.0;
				TARGETED_DEVICE_FAMILY = "1,2";
				TEST_HOST = "$(BUILT_PRODUCTS_DIR)/SwiftUI_Demo.app/$(BUNDLE_EXECUTABLE_FOLDER_PATH)/SwiftUI_Demo";
			};
			name = Debug;
		};
		53CB1E0B2C95CE0E00272FAE /* Release */ = {
			isa = XCBuildConfiguration;
			buildSettings = {
				ALWAYS_EMBED_SWIFT_STANDARD_LIBRARIES = YES;
				BUNDLE_LOADER = "$(TEST_HOST)";
				CODE_SIGN_STYLE = Automatic;
				CURRENT_PROJECT_VERSION = 1;
				GENERATE_INFOPLIST_FILE = YES;
				IPHONEOS_DEPLOYMENT_TARGET = 16.4;
				MACOSX_DEPLOYMENT_TARGET = 13.3;
				MARKETING_VERSION = 1.0;
				PRODUCT_BUNDLE_IDENTIFIER = "com.armv.SwiftUI-DemoTests";
				PRODUCT_NAME = "$(TARGET_NAME)";
				SDKROOT = auto;
				SUPPORTED_PLATFORMS = "iphoneos iphonesimulator macosx";
				SWIFT_EMIT_LOC_STRINGS = NO;
				SWIFT_VERSION = 5.0;
				TARGETED_DEVICE_FAMILY = "1,2";
				TEST_HOST = "$(BUILT_PRODUCTS_DIR)/SwiftUI_Demo.app/$(BUNDLE_EXECUTABLE_FOLDER_PATH)/SwiftUI_Demo";
			};
			name = Release;
		};
		53CB1E0D2C95CE0E00272FAE /* Debug */ = {
			isa = XCBuildConfiguration;
			buildSettings = {
				ALWAYS_EMBED_SWIFT_STANDARD_LIBRARIES = YES;
				CODE_SIGN_STYLE = Automatic;
				CURRENT_PROJECT_VERSION = 1;
				GENERATE_INFOPLIST_FILE = YES;
				IPHONEOS_DEPLOYMENT_TARGET = 16.4;
				MACOSX_DEPLOYMENT_TARGET = 13.3;
				MARKETING_VERSION = 1.0;
				PRODUCT_BUNDLE_IDENTIFIER = "com.armv.SwiftUI-DemoUITests";
				PRODUCT_NAME = "$(TARGET_NAME)";
				SDKROOT = auto;
				SUPPORTED_PLATFORMS = "iphoneos iphonesimulator macosx";
				SWIFT_EMIT_LOC_STRINGS = NO;
				SWIFT_VERSION = 5.0;
				TARGETED_DEVICE_FAMILY = "1,2";
				TEST_TARGET_NAME = SwiftUI_Demo;
			};
			name = Debug;
		};
		53CB1E0E2C95CE0E00272FAE /* Release */ = {
			isa = XCBuildConfiguration;
			buildSettings = {
				ALWAYS_EMBED_SWIFT_STANDARD_LIBRARIES = YES;
				CODE_SIGN_STYLE = Automatic;
				CURRENT_PROJECT_VERSION = 1;
				GENERATE_INFOPLIST_FILE = YES;
				IPHONEOS_DEPLOYMENT_TARGET = 16.4;
				MACOSX_DEPLOYMENT_TARGET = 13.3;
				MARKETING_VERSION = 1.0;
				PRODUCT_BUNDLE_IDENTIFIER = "com.armv.SwiftUI-DemoUITests";
				PRODUCT_NAME = "$(TARGET_NAME)";
				SDKROOT = auto;
				SUPPORTED_PLATFORMS = "iphoneos iphonesimulator macosx";
				SWIFT_EMIT_LOC_STRINGS = NO;
				SWIFT_VERSION = 5.0;
				TARGETED_DEVICE_FAMILY = "1,2";
				TEST_TARGET_NAME = SwiftUI_Demo;
			};
			name = Release;
		};
/* End XCBuildConfiguration section */

/* Begin XCConfigurationList section */
		53CB1DDC2C95CE0C00272FAE /* Build configuration list for PBXProject "SwiftUI_Demo" */ = {
			isa = XCConfigurationList;
			buildConfigurations = (
				53CB1E042C95CE0E00272FAE /* Debug */,
				53CB1E052C95CE0E00272FAE /* Release */,
			);
			defaultConfigurationIsVisible = 0;
			defaultConfigurationName = Release;
		};
		53CB1E062C95CE0E00272FAE /* Build configuration list for PBXNativeTarget "SwiftUI_Demo" */ = {
			isa = XCConfigurationList;
			buildConfigurations = (
				53CB1E072C95CE0E00272FAE /* Debug */,
				53CB1E082C95CE0E00272FAE /* Release */,
			);
			defaultConfigurationIsVisible = 0;
			defaultConfigurationName = Release;
		};
		53CB1E092C95CE0E00272FAE /* Build configuration list for PBXNativeTarget "SwiftUI_DemoTests" */ = {
			isa = XCConfigurationList;
			buildConfigurations = (
				53CB1E0A2C95CE0E00272FAE /* Debug */,
				53CB1E0B2C95CE0E00272FAE /* Release */,
			);
			defaultConfigurationIsVisible = 0;
			defaultConfigurationName = Release;
		};
		53CB1E0C2C95CE0E00272FAE /* Build configuration list for PBXNativeTarget "SwiftUI_DemoUITests" */ = {
			isa = XCConfigurationList;
			buildConfigurations = (
				53CB1E0D2C95CE0E00272FAE /* Debug */,
				53CB1E0E2C95CE0E00272FAE /* Release */,
			);
			defaultConfigurationIsVisible = 0;
			defaultConfigurationName = Release;
		};
/* End XCConfigurationList section */
	};
	rootObject = 53CB1DD92C95CE0C00272FAE /* Project object */;
}
